
Microsoft Visual Studio Solution File, Format Version 12.00
# Visual Studio Version 17
VisualStudioVersion = 17.2.32616.157
MinimumVisualStudioVersion = 10.0.40219.1
Project("{9A19103F-16F7-4668-BE54-9A1E7A4F7556}") = "Controller", "Controller\Controller.csproj", "{840BB216-FAC6-4509-AC09-FCAE14473298}"
EndProject
Project("{9A19103F-16F7-4668-BE54-9A1E7A4F7556}") = "Domain", "Domain\Domain.csproj", "{8457ED68-40FF-4FE9-B62F-38C94872F998}"
EndProject
Project("{54435603-DBB4-11D2-8724-00A0C9A8B90C}") = "MySetup", "MySetup\MySetup.vdproj", "{0D4AA41C-36F8-4EB3-9FFE-787271FF30AC}"
EndProject
Global
	GlobalSection(SolutionConfigurationPlatforms) = preSolution
		Debug|Any CPU = Debug|Any CPU
		Release|Any CPU = Release|Any CPU
	EndGlobalSection
	GlobalSection(ProjectConfigurationPlatforms) = postSolution
		{840BB216-FAC6-4509-AC09-FCAE14473298}.Debug|Any CPU.ActiveCfg = Debug|Any CPU
		{840BB216-FAC6-4509-AC09-FCAE14473298}.Debug|Any CPU.Build.0 = Debug|Any CPU
		{840BB216-FAC6-4509-AC09-FCAE14473298}.Release|Any CPU.ActiveCfg = Release|Any CPU
		{840BB216-FAC6-4509-AC09-FCAE14473298}.Release|Any CPU.Build.0 = Release|Any CPU
		{8457ED68-40FF-4FE9-B62F-38C94872F998}.Debug|Any CPU.ActiveCfg = Debug|Any CPU
		{8457ED68-40FF-4FE9-B62F-38C94872F998}.Debug|Any CPU.Build.0 = Debug|Any CPU
		{8457ED68-40FF-4FE9-B62F-38C94872F998}.Release|Any CPU.ActiveCfg = Release|Any CPU
		{8457ED68-40FF-4FE9-B62F-38C94872F998}.Release|Any CPU.Build.0 = Release|Any CPU
		{0D4AA41C-36F8-4EB3-9FFE-787271FF30AC}.Debug|Any CPU.ActiveCfg = Debug
		{0D4AA41C-36F8-4EB3-9FFE-787271FF30AC}.Release|Any CPU.ActiveCfg = Release
	EndGlobalSection
	GlobalSection(SolutionProperties) = preSolution
		HideSolutionNode = FALSE
	EndGlobalSection
	GlobalSection(ExtensibilityGlobals) = postSolution
		SolutionGuid = {9E0F3985-8094-4088-A83C-B0919E34BCA6}
	EndGlobalSection
EndGlobal
